
Microsoft Visual Studio Solution File, Format Version 12.00
# Visual Studio Version 16
VisualStudioVersion = 16.0.29403.142
MinimumVisualStudioVersion = 10.0.40219.1
Project("{FAE04EC0-301F-11D3-BF4B-00C04F79EFBC}") = "CalculadoraApi", "CalculadoraApi\CalculadoraApi.csproj", "{EA19558E-0B73-4CD1-A1EA-1A633B9A135A}"
EndProject
Global
	GlobalSection(SolutionConfigurationPlatforms) = preSolution
		Debug|Any CPU = Debug|Any CPU
		Release|Any CPU = Release|Any CPU
	EndGlobalSection
	GlobalSection(ProjectConfigurationPlatforms) = postSolution
		{EA19558E-0B73-4CD1-A1EA-1A633B9A135A}.Debug|Any CPU.ActiveCfg = Debug|Any CPU
		{EA19558E-0B73-4CD1-A1EA-1A633B9A135A}.Debug|Any CPU.Build.0 = Debug|Any CPU
		{EA19558E-0B73-4CD1-A1EA-1A633B9A135A}.Release|Any CPU.ActiveCfg = Release|Any CPU
		{EA19558E-0B73-4CD1-A1EA-1A633B9A135A}.Release|Any CPU.Build.0 = Release|Any CPU
	EndGlobalSection
	GlobalSection(SolutionProperties) = preSolution
		HideSolutionNode = FALSE
	EndGlobalSection
	GlobalSection(ExtensibilityGlobals) = postSolution
		SolutionGuid = {ABD8B3C9-75DA-4793-8689-D837B5323813}
	EndGlobalSection
EndGlobal
